Microsoft Visual Studio Solution File, Format Version 11.00
# Visual Studio 2008

Project("{5958F0AA-8580-FBAE-2B62-4E3EED95E90B}") = "Network_Lauzhack", "Assembly-CSharp.csproj", "{76C4047F-4B46-EB74-9A43-3567474F9247}"
EndProject
Global
	GlobalSection(SolutionConfigurationPlatforms) = preSolution
		Debug|Any CPU = Debug|Any CPU
		Release|Any CPU = Release|Any CPU
	EndGlobalSection
	GlobalSection(ProjectConfigurationPlatforms) = postSolution
		{76C4047F-4B46-EB74-9A43-3567474F9247}.Debug|Any CPU.ActiveCfg = Debug|Any CPU
		{76C4047F-4B46-EB74-9A43-3567474F9247}.Debug|Any CPU.Build.0 = Debug|Any CPU
		{76C4047F-4B46-EB74-9A43-3567474F9247}.Release|Any CPU.ActiveCfg = Release|Any CPU
		{76C4047F-4B46-EB74-9A43-3567474F9247}.Release|Any CPU.Build.0 = Release|Any CPU
	EndGlobalSection
	GlobalSection(SolutionProperties) = preSolution
		HideSolutionNode = FALSE
	EndGlobalSection
	GlobalSection(MonoDevelopProperties) = preSolution
		StartupItem = Assembly-CSharp.csproj
	EndGlobalSection
EndGlobal
